// !$*UTF8*$!
{
	archiveVersion = 1;
	classes = {
	};
	objectVersion = 77;
	objects = {

/* Begin PBXContainerItemProxy section */
		3A21B8492DDB86B30064E292 /* PBXContainerItemProxy */ = {
			isa = PBXContainerItemProxy;
			containerPortal = 3A21B8302DDB86B10064E292 /* Project object */;
			proxyType = 1;
			remoteGlobalIDString = 3A21B8372DDB86B10064E292;
			remoteInfo = ChurchHymn;
		};
		3A21B8532DDB86B30064E292 /* PBXContainerItemProxy */ = {
			isa = PBXContainerItemProxy;
			containerPortal = 3A21B8302DDB86B10064E292 /* Project object */;
			proxyType = 1;
			remoteGlobalIDString = 3A21B8372DDB86B10064E292;
			remoteInfo = ChurchHymn;
		};
/* End PBXContainerItemProxy section */

/* Begin PBXFileReference section */
		3A21B8382DDB86B10064E292 /* ChurchHymn.app */ = {isa = PBXFileReference; explicitFileType = wrapper.application; includeInIndex = 0; path = ChurchHymn.app; sourceTree = BUILT_PRODUCTS_DIR; };
		3A21B8482DDB86B30064E292 /* ChurchHymnTests.xctest */ = {isa = PBXFileReference; explicitFileType = wrapper.cfbundle; includeInIndex = 0; path = ChurchHymnTests.xctest; sourceTree = BUILT_PRODUCTS_DIR; };
		3A21B8522DDB86B30064E292 /* ChurchHymnUITests.xctest */ = {isa = PBXFileReference; explicitFileType = wrapper.cfbundle; includeInIndex = 0; path = ChurchHymnUITests.xctest; sourceTree = BUILT_PRODUCTS_DIR; };
/* End PBXFileReference section */

/* Begin PBXFileSystemSynchronizedRootGroup section */
		3A21B83A2DDB86B10064E292 /* ChurchHymn */ = {
			isa = PBXFileSystemSynchronizedRootGroup;
			path = ChurchHymn;
			sourceTree = "<group>";
		};
		3A21B84B2DDB86B30064E292 /* ChurchHymnTests */ = {
			isa = PBXFileSystemSynchronizedRootGroup;
			path = ChurchHymnTests;
			sourceTree = "<group>";
		};
		3A21B8552DDB86B30064E292 /* ChurchHymnUITests */ = {
			isa = PBXFileSystemSynchronizedRootGroup;
			path = ChurchHymnUITests;
			sourceTree = "<group>";
		};
/* End PBXFileSystemSynchronizedRootGroup section */

/* Begin PBXFrameworksBuildPhase section */
		3A21B8352DDB86B10064E292 /* Frameworks */ = {
			isa = PBXFrameworksBuildPhase;
			buildActionMask = 2147483647;
			files = (
			);
			runOnlyForDeploymentPostprocessing = 0;
		};
		3A21B8452DDB86B30064E292 /* Frameworks */ = {
			isa = PBXFrameworksBuildPhase;
			buildActionMask = 2147483647;
			files = (
			);
			runOnlyForDeploymentPostprocessing = 0;
		};
		3A21B84F2DDB86B30064E292 /* Frameworks */ = {
			isa = PBXFrameworksBuildPhase;
			buildActionMask = 2147483647;
			files = (
			);
			runOnlyForDeploymentPostprocessing = 0;
		};
/* End PBXFrameworksBuildPhase section */

/* Begin PBXGroup section */
		3A21B82F2DDB86B10064E292 = {
			isa = PBXGroup;
			children = (
				3A21B83A2DDB86B10064E292 /* ChurchHymn */,
				3A21B84B2DDB86B30064E292 /* ChurchHymnTests */,
				3A21B8552DDB86B30064E292 /* ChurchHymnUITests */,
				3A21B8392DDB86B10064E292 /* Products */,
			);
			sourceTree = "<group>";
		};
		3A21B8392DDB86B10064E292 /* Products */ = {
			isa = PBXGroup;
			children = (
				3A21B8382DDB86B10064E292 /* ChurchHymn.app */,
				3A21B8482DDB86B30064E292 /* ChurchHymnTests.xctest */,
				3A21B8522DDB86B30064E292 /* ChurchHymnUITests.xctest */,
			);
			name = Products;
			sourceTree = "<group>";
		};
/* End PBXGroup section */

/* Begin PBXNativeTarget section */
		3A21B8372DDB86B10064E292 /* ChurchHymn */ = {
			isa = PBXNativeTarget;
			buildConfigurationList = 3A21B85C2DDB86B30064E292 /* Build configuration list for PBXNativeTarget "ChurchHymn" */;
			buildPhases = (
				3A21B8342DDB86B10064E292 /* Sources */,
				3A21B8352DDB86B10064E292 /* Frameworks */,
				3A21B8362DDB86B10064E292 /* Resources */,
			);
			buildRules = (
			);
			dependencies = (
			);
			fileSystemSynchronizedGroups = (
				3A21B83A2DDB86B10064E292 /* ChurchHymn */,
			);
			name = ChurchHymn;
			packageProductDependencies = (
			);
			productName = ChurchHymn;
			productReference = 3A21B8382DDB86B10064E292 /* ChurchHymn.app */;
			productType = "com.apple.product-type.application";
		};
		3A21B8472DDB86B30064E292 /* ChurchHymnTests */ = {
			isa = PBXNativeTarget;
			buildConfigurationList = 3A21B85F2DDB86B30064E292 /* Build configuration list for PBXNativeTarget "ChurchHymnTests" */;
			buildPhases = (
				3A21B8442DDB86B30064E292 /* Sources */,
				3A21B8452DDB86B30064E292 /* Frameworks */,
				3A21B8462DDB86B30064E292 /* Resources */,
			);
			buildRules = (
			);
			dependencies = (
				3A21B84A2DDB86B30064E292 /* PBXTargetDependency */,
			);
			fileSystemSynchronizedGroups = (
				3A21B84B2DDB86B30064E292 /* ChurchHymnTests */,
			);
			name = ChurchHymnTests;
			packageProductDependencies = (
			);
			productName = ChurchHymnTests;
			productReference = 3A21B8482DDB86B30064E292 /* ChurchHymnTests.xctest */;
			productType = "com.apple.product-type.bundle.unit-test";
		};
		3A21B8512DDB86B30064E292 /* ChurchHymnUITests */ = {
			isa = PBXNativeTarget;
			buildConfigurationList = 3A21B8622DDB86B30064E292 /* Build configuration list for PBXNativeTarget "ChurchHymnUITests" */;
			buildPhases = (
				3A21B84E2DDB86B30064E292 /* Sources */,
				3A21B84F2DDB86B30064E292 /* Frameworks */,
				3A21B8502DDB86B30064E292 /* Resources */,
			);
			buildRules = (
			);
			dependencies = (
				3A21B8542DDB86B30064E292 /* PBXTargetDependency */,
			);
			fileSystemSynchronizedGroups = (
				3A21B8552DDB86B30064E292 /* ChurchHymnUITests */,
			);
			name = ChurchHymnUITests;
			packageProductDependencies = (
			);
			productName = ChurchHymnUITests;
			productReference = 3A21B8522DDB86B30064E292 /* ChurchHymnUITests.xctest */;
			productType = "com.apple.product-type.bundle.ui-testing";
		};
/* End PBXNativeTarget section */

/* Begin PBXProject section */
		3A21B8302DDB86B10064E292 /* Project object */ = {
			isa = PBXProject;
			attributes = {
				BuildIndependentTargetsInParallel = 1;
				LastSwiftUpdateCheck = 1630;
				LastUpgradeCheck = 1640;
				TargetAttributes = {
					3A21B8372DDB86B10064E292 = {
						CreatedOnToolsVersion = 16.3;
					};
					3A21B8472DDB86B30064E292 = {
						CreatedOnToolsVersion = 16.3;
						TestTargetID = 3A21B8372DDB86B10064E292;
					};
					3A21B8512DDB86B30064E292 = {
						CreatedOnToolsVersion = 16.3;
						TestTargetID = 3A21B8372DDB86B10064E292;
					};
				};
			};
			buildConfigurationList = 3A21B8332DDB86B10064E292 /* Build configuration list for PBXProject "ChurchHymn" */;
			developmentRegion = en;
			hasScannedForEncodings = 0;
			knownRegions = (
				en,
				Base,
			);
			mainGroup = 3A21B82F2DDB86B10064E292;
			minimizedProjectReferenceProxies = 1;
			preferredProjectObjectVersion = 77;
			productRefGroup = 3A21B8392DDB86B10064E292 /* Products */;
			projectDirPath = "";
			projectRoot = "";
			targets = (
				3A21B8372DDB86B10064E292 /* ChurchHymn */,
				3A21B8472DDB86B30064E292 /* ChurchHymnTests */,
				3A21B8512DDB86B30064E292 /* ChurchHymnUITests */,
			);
		};
/* End PBXProject section */

/* Begin PBXResourcesBuildPhase section */
		3A21B8362DDB86B10064E292 /* Resources */ = {
			isa = PBXResourcesBuildPhase;
			buildActionMask = 2147483647;
			files = (
			);
			runOnlyForDeploymentPostprocessing = 0;
		};
		3A21B8462DDB86B30064E292 /* Resources */ = {
			isa = PBXResourcesBuildPhase;
			buildActionMask = 2147483647;
			files = (
			);
			runOnlyForDeploymentPostprocessing = 0;
		};
		3A21B8502DDB86B30064E292 /* Resources */ = {
			isa = PBXResourcesBuildPhase;
			buildActionMask = 2147483647;
			files = (
			);
			runOnlyForDeploymentPostprocessing = 0;
		};
/* End PBXResourcesBuildPhase section */

/* Begin PBXSourcesBuildPhase section */
		3A21B8342DDB86B10064E292 /* Sources */ = {
			isa = PBXSourcesBuildPhase;
			buildActionMask = 2147483647;
			files = (
			);
			runOnlyForDeploymentPostprocessing = 0;
		};
		3A21B8442DDB86B30064E292 /* Sources */ = {
			isa = PBXSourcesBuildPhase;
			buildActionMask = 2147483647;
			files = (
			);
			runOnlyForDeploymentPostprocessing = 0;
		};
		3A21B84E2DDB86B30064E292 /* Sources */ = {
			isa = PBXSourcesBuildPhase;
			buildActionMask = 2147483647;
			files = (
			);
			runOnlyForDeploymentPostprocessing = 0;
		};
/* End PBXSourcesBuildPhase section */

/* Begin PBXTargetDependency section */
		3A21B84A2DDB86B30064E292 /* PBXTargetDependency */ = {
			isa = PBXTargetDependency;
			target = 3A21B8372DDB86B10064E292 /* ChurchHymn */;
			targetProxy = 3A21B8492DDB86B30064E292 /* PBXContainerItemProxy */;
		};
		3A21B8542DDB86B30064E292 /* PBXTargetDependency */ = {
			isa = PBXTargetDependency;
			target = 3A21B8372DDB86B10064E292 /* ChurchHymn */;
			targetProxy = 3A21B8532DDB86B30064E292 /* PBXContainerItemProxy */;
		};
/* End PBXTargetDependency section */

/* Begin XCBuildConfiguration section */
		3A21B85A2DDB86B30064E292 /* Debug */ = {
			isa = XCBuildConfiguration;
			buildSettings = {
				ALWAYS_SEARCH_USER_PATHS = NO;
				ASSETCATALOG_COMPILER_GENERATE_SWIFT_ASSET_SYMBOL_EXTENSIONS = YES;
				CLANG_ANALYZER_NONNULL = YES;
				CLANG_ANALYZER_NUMBER_OBJECT_CONVERSION = YES_AGGRESSIVE;
				CLANG_CXX_LANGUAGE_STANDARD = "gnu++20";
				CLANG_ENABLE_MODULES = YES;
				CLANG_ENABLE_OBJC_ARC = YES;
				CLANG_ENABLE_OBJC_WEAK = YES;
				CLANG_WARN_BLOCK_CAPTURE_AUTORELEASING = YES;
				CLANG_WARN_BOOL_CONVERSION = YES;
				CLANG_WARN_COMMA = YES;
				CLANG_WARN_CONSTANT_CONVERSION = YES;
				CLANG_WARN_DEPRECATED_OBJC_IMPLEMENTATIONS = YES;
				CLANG_WARN_DIRECT_OBJC_ISA_USAGE = YES_ERROR;
				CLANG_WARN_DOCUMENTATION_COMMENTS = YES;
				CLANG_WARN_EMPTY_BODY = YES;
				CLANG_WARN_ENUM_CONVERSION = YES;
				CLANG_WARN_INFINITE_RECURSION = YES;
				CLANG_WARN_INT_CONVERSION = YES;
				CLANG_WARN_NON_LITERAL_NULL_CONVERSION = YES;
				CLANG_WARN_OBJC_IMPLICIT_RETAIN_SELF = YES;
				CLANG_WARN_OBJC_LITERAL_CONVERSION = YES;
				CLANG_WARN_OBJC_ROOT_CLASS = YES_ERROR;
				CLANG_WARN_QUOTED_INCLUDE_IN_FRAMEWORK_HEADER = YES;
				CLANG_WARN_RANGE_LOOP_ANALYSIS = YES;
				CLANG_WARN_STRICT_PROTOTYPES = YES;
				CLANG_WARN_SUSPICIOUS_MOVE = YES;
				CLANG_WARN_UNGUARDED_AVAILABILITY = YES_AGGRESSIVE;
				CLANG_WARN_UNREACHABLE_CODE = YES;
				CLANG_WARN__DUPLICATE_METHOD_MATCH = YES;
				COPY_PHASE_STRIP = NO;
				DEAD_CODE_STRIPPING = YES;
				DEBUG_INFORMATION_FORMAT = dwarf;
				DEVELOPMENT_TEAM = "";
				ENABLE_STRICT_OBJC_MSGSEND = YES;
				ENABLE_TESTABILITY = YES;
				ENABLE_USER_SCRIPT_SANDBOXING = YES;
				GCC_C_LANGUAGE_STANDARD = gnu17;
				GCC_DYNAMIC_NO_PIC = NO;
				GCC_NO_COMMON_BLOCKS = YES;
				GCC_OPTIMIZATION_LEVEL = 0;
				GCC_PREPROCESSOR_DEFINITIONS = (
					"DEBUG=1",
					"$(inherited)",
				);
				GCC_WARN_64_TO_32_BIT_CONVERSION = YES;
				GCC_WARN_ABOUT_RETURN_TYPE = YES_ERROR;
				GCC_WARN_UNDECLARED_SELECTOR = YES;
				GCC_WARN_UNINITIALIZED_AUTOS = YES_AGGRESSIVE;
				GCC_WARN_UNUSED_FUNCTION = YES;
				GCC_WARN_UNUSED_VARIABLE = YES;
				LOCALIZATION_PREFERS_STRING_CATALOGS = YES;
				MACOSX_DEPLOYMENT_TARGET = 15.4;
				MTL_ENABLE_DEBUG_INFO = INCLUDE_SOURCE;
				MTL_FAST_MATH = YES;
				ONLY_ACTIVE_ARCH = YES;
				SDKROOT = macosx;
				SWIFT_ACTIVE_COMPILATION_CONDITIONS = "DEBUG $(inherited)";
				SWIFT_OPTIMIZATION_LEVEL = "-Onone";
			};
			name = Debug;
		};
		3A21B85B2DDB86B30064E292 /* Release */ = {
			isa = XCBuildConfiguration;
			buildSettings = {
				ALWAYS_SEARCH_USER_PATHS = NO;
				ASSETCATALOG_COMPILER_GENERATE_SWIFT_ASSET_SYMBOL_EXTENSIONS = YES;
				CLANG_ANALYZER_NONNULL = YES;
				CLANG_ANALYZER_NUMBER_OBJECT_CONVERSION = YES_AGGRESSIVE;
				CLANG_CXX_LANGUAGE_STANDARD = "gnu++20";
				CLANG_ENABLE_MODULES = YES;
				CLANG_ENABLE_OBJC_ARC = YES;
				CLANG_ENABLE_OBJC_WEAK = YES;
				CLANG_WARN_BLOCK_CAPTURE_AUTORELEASING = YES;
				CLANG_WARN_BOOL_CONVERSION = YES;
				CLANG_WARN_COMMA = YES;
				CLANG_WARN_CONSTANT_CONVERSION = YES;
				CLANG_WARN_DEPRECATED_OBJC_IMPLEMENTATIONS = YES;
				CLANG_WARN_DIRECT_OBJC_ISA_USAGE = YES_ERROR;
				CLANG_WARN_DOCUMENTATION_COMMENTS = YES;
				CLANG_WARN_EMPTY_BODY = YES;
				CLANG_WARN_ENUM_CONVERSION = YES;
				CLANG_WARN_INFINITE_RECURSION = YES;
				CLANG_WARN_INT_CONVERSION = YES;
				CLANG_WARN_NON_LITERAL_NULL_CONVERSION = YES;
				CLANG_WARN_OBJC_IMPLICIT_RETAIN_SELF = YES;
				CLANG_WARN_OBJC_LITERAL_CONVERSION = YES;
				CLANG_WARN_OBJC_ROOT_CLASS = YES_ERROR;
				CLANG_WARN_QUOTED_INCLUDE_IN_FRAMEWORK_HEADER = YES;
				CLANG_WARN_RANGE_LOOP_ANALYSIS = YES;
				CLANG_WARN_STRICT_PROTOTYPES = YES;
				CLANG_WARN_SUSPICIOUS_MOVE = YES;
				CLANG_WARN_UNGUARDED_AVAILABILITY = YES_AGGRESSIVE;
				CLANG_WARN_UNREACHABLE_CODE = YES;
				CLANG_WARN__DUPLICATE_METHOD_MATCH = YES;
				COPY_PHASE_STRIP = NO;
				DEAD_CODE_STRIPPING = YES;
				DEBUG_INFORMATION_FORMAT = "dwarf-with-dsym";
				DEVELOPMENT_TEAM = "";
				ENABLE_NS_ASSERTIONS = NO;
				ENABLE_STRICT_OBJC_MSGSEND = YES;
				ENABLE_USER_SCRIPT_SANDBOXING = YES;
				GCC_C_LANGUAGE_STANDARD = gnu17;
				GCC_NO_COMMON_BLOCKS = YES;
				GCC_WARN_64_TO_32_BIT_CONVERSION = YES;
				GCC_WARN_ABOUT_RETURN_TYPE = YES_ERROR;
				GCC_WARN_UNDECLARED_SELECTOR = YES;
				GCC_WARN_UNINITIALIZED_AUTOS = YES_AGGRESSIVE;
				GCC_WARN_UNUSED_FUNCTION = YES;
				GCC_WARN_UNUSED_VARIABLE = YES;
				LOCALIZATION_PREFERS_STRING_CATALOGS = YES;
				MACOSX_DEPLOYMENT_TARGET = 15.4;
				MTL_ENABLE_DEBUG_INFO = NO;
				MTL_FAST_MATH = YES;
				SDKROOT = macosx;
				SWIFT_COMPILATION_MODE = wholemodule;
			};
			name = Release;
		};
		3A21B85D2DDB86B30064E292 /* Debug */ = {
			isa = XCBuildConfiguration;
			buildSettings = {
				ASSETCATALOG_COMPILER_APPICON_NAME = AppIcon;
				ASSETCATALOG_COMPILER_GLOBAL_ACCENT_COLOR_NAME = AccentColor;
				CODE_SIGNING_ALLOWED = NO;
				CODE_SIGNING_REQUIRED = NO;
				CODE_SIGN_ENTITLEMENTS = ChurchHymn/ChurchHymn.entitlements;
				CODE_SIGN_IDENTITY = "";
				CODE_SIGN_STYLE = Automatic;
				COMBINE_HIDPI_IMAGES = YES;
				CURRENT_PROJECT_VERSION = 10;
				DEAD_CODE_STRIPPING = YES;
				DEVELOPMENT_TEAM = "";
				ENABLE_HARDENED_RUNTIME = YES;
				ENABLE_PREVIEWS = YES;
				GENERATE_INFOPLIST_FILE = YES;
				INFOPLIST_KEY_LSApplicationCategoryType = "public.app-category.utilities";
				INFOPLIST_KEY_NSHumanReadableCopyright = "";
				LD_RUNPATH_SEARCH_PATHS = (
					"$(inherited)",
					"@executable_path/../Frameworks",
				);
				MACOSX_DEPLOYMENT_TARGET = 14.0;
				MARKETING_VERSION = 1.1;
				PRODUCT_BUNDLE_IDENTIFIER = paulo.silva.ChurchHymn;
				PRODUCT_NAME = "$(TARGET_NAME)";
				REGISTER_APP_GROUPS = YES;
				SWIFT_EMIT_LOC_STRINGS = YES;
				SWIFT_VERSION = 5.0;
			};
			name = Debug;
		};
		3A21B85E2DDB86B30064E292 /* Release */ = {
			isa = XCBuildConfiguration;
			buildSettings = {
				ASSETCATALOG_COMPILER_APPICON_NAME = AppIcon;
				ASSETCATALOG_COMPILER_GLOBAL_ACCENT_COLOR_NAME = AccentColor;
				CODE_SIGN_ENTITLEMENTS = ChurchHymn/ChurchHymn.entitlements;
				CODE_SIGN_STYLE = Automatic;
				COMBINE_HIDPI_IMAGES = YES;
				CURRENT_PROJECT_VERSION = 10;
				DEAD_CODE_STRIPPING = YES;
				DEVELOPMENT_TEAM = "";
				ENABLE_HARDENED_RUNTIME = YES;
				ENABLE_PREVIEWS = YES;
				GENERATE_INFOPLIST_FILE = YES;
				INFOPLIST_KEY_LSApplicationCategoryType = "public.app-category.utilities";
				INFOPLIST_KEY_NSHumanReadableCopyright = "";
				LD_RUNPATH_SEARCH_PATHS = (
					"$(inherited)",
					"@executable_path/../Frameworks",
				);
				MACOSX_DEPLOYMENT_TARGET = 14.0;
				MARKETING_VERSION = 1.1;
				PRODUCT_BUNDLE_IDENTIFIER = paulo.silva.ChurchHymn;
				PRODUCT_NAME = "$(TARGET_NAME)";
				REGISTER_APP_GROUPS = YES;
				SWIFT_EMIT_LOC_STRINGS = YES;
				SWIFT_VERSION = 5.0;
			};
			name = Release;
		};
		3A21B8602DDB86B30064E292 /* Debug */ = {
			isa = XCBuildConfiguration;
			buildSettings = {
				BUNDLE_LOADER = "$(TEST_HOST)";
				CODE_SIGNING_ALLOWED = NO;
				CODE_SIGNING_REQUIRED = NO;
				CODE_SIGN_IDENTITY = "";
				CODE_SIGN_STYLE = Automatic;
				CURRENT_PROJECT_VERSION = 10;
				DEAD_CODE_STRIPPING = YES;
				DEVELOPMENT_TEAM = "";
				GENERATE_INFOPLIST_FILE = YES;
				MACOSX_DEPLOYMENT_TARGET = 14.0;
				MARKETING_VERSION = 1.1;
				PRODUCT_BUNDLE_IDENTIFIER = paulo.silva.ChurchHymnTests;
				PRODUCT_NAME = "$(TARGET_NAME)";
				SWIFT_EMIT_LOC_STRINGS = NO;
				SWIFT_VERSION = 5.0;
				TEST_HOST = "$(BUILT_PRODUCTS_DIR)/ChurchHymn.app/$(BUNDLE_EXECUTABLE_FOLDER_PATH)/ChurchHymn";
			};
			name = Debug;
		};
		3A21B8612DDB86B30064E292 /* Release */ = {
			isa = XCBuildConfiguration;
			buildSettings = {
				BUNDLE_LOADER = "$(TEST_HOST)";
				CODE_SIGN_STYLE = Automatic;
				CURRENT_PROJECT_VERSION = 10;
				DEAD_CODE_STRIPPING = YES;
				DEVELOPMENT_TEAM = "";
				GENERATE_INFOPLIST_FILE = YES;
				MACOSX_DEPLOYMENT_TARGET = 14.0;
				MARKETING_VERSION = 1.1;
				PRODUCT_BUNDLE_IDENTIFIER = paulo.silva.ChurchHymnTests;
				PRODUCT_NAME = "$(TARGET_NAME)";
				SWIFT_EMIT_LOC_STRINGS = NO;
				SWIFT_VERSION = 5.0;
				TEST_HOST = "$(BUILT_PRODUCTS_DIR)/ChurchHymn.app/$(BUNDLE_EXECUTABLE_FOLDER_PATH)/ChurchHymn";
			};
			name = Release;
		};
		3A21B8632DDB86B30064E292 /* Debug */ = {
			isa = XCBuildConfiguration;
			buildSettings = {
				CODE_SIGNING_ALLOWED = NO;
				CODE_SIGNING_REQUIRED = NO;
				CODE_SIGN_IDENTITY = "";
				CODE_SIGN_STYLE = Automatic;
				CURRENT_PROJECT_VERSION = 10;
				DEAD_CODE_STRIPPING = YES;
				DEVELOPMENT_TEAM = "";
				GENERATE_INFOPLIST_FILE = YES;
				MARKETING_VERSION = 1.1;
				PRODUCT_BUNDLE_IDENTIFIER = paulo.silva.ChurchHymnUITests;
				PRODUCT_NAME = "$(TARGET_NAME)";
				SWIFT_EMIT_LOC_STRINGS = NO;
				SWIFT_VERSION = 5.0;
				TEST_TARGET_NAME = ChurchHymn;
			};
			name = Debug;
		};
		3A21B8642DDB86B30064E292 /* Release */ = {
			isa = XCBuildConfiguration;
			buildSettings = {
				CODE_SIGN_STYLE = Automatic;
				CURRENT_PROJECT_VERSION = 10;
				DEAD_CODE_STRIPPING = YES;
				DEVELOPMENT_TEAM = "";
				GENERATE_INFOPLIST_FILE = YES;
				MARKETING_VERSION = 1.1;
				PRODUCT_BUNDLE_IDENTIFIER = paulo.silva.ChurchHymnUITests;
				PRODUCT_NAME = "$(TARGET_NAME)";
				SWIFT_EMIT_LOC_STRINGS = NO;
				SWIFT_VERSION = 5.0;
				TEST_TARGET_NAME = ChurchHymn;
			};
			name = Release;
		};
/* End XCBuildConfiguration section */

/* Begin XCConfigurationList section */
		3A21B8332DDB86B10064E292 /* Build configuration list for PBXProject "ChurchHymn" */ = {
			isa = XCConfigurationList;
			buildConfigurations = (
				3A21B85A2DDB86B30064E292 /* Debug */,
				3A21B85B2DDB86B30064E292 /* Release */,
			);
			defaultConfigurationIsVisible = 0;
			defaultConfigurationName = Release;
		};
		3A21B85C2DDB86B30064E292 /* Build configuration list for PBXNativeTarget "ChurchHymn" */ = {
			isa = XCConfigurationList;
			buildConfigurations = (
				3A21B85D2DDB86B30064E292 /* Debug */,
				3A21B85E2DDB86B30064E292 /* Release */,
			);
			defaultConfigurationIsVisible = 0;
			defaultConfigurationName = Release;
		};
		3A21B85F2DDB86B30064E292 /* Build configuration list for PBXNativeTarget "ChurchHymnTests" */ = {
			isa = XCConfigurationList;
			buildConfigurations = (
				3A21B8602DDB86B30064E292 /* Debug */,
				3A21B8612DDB86B30064E292 /* Release */,
			);
			defaultConfigurationIsVisible = 0;
			defaultConfigurationName = Release;
		};
		3A21B8622DDB86B30064E292 /* Build configuration list for PBXNativeTarget "ChurchHymnUITests" */ = {
			isa = XCConfigurationList;
			buildConfigurations = (
				3A21B8632DDB86B30064E292 /* Debug */,
				3A21B8642DDB86B30064E292 /* Release */,
			);
			defaultConfigurationIsVisible = 0;
			defaultConfigurationName = Release;
		};
/* End XCConfigurationList section */
	};
	rootObject = 3A21B8302DDB86B10064E292 /* Project object */;
}
